
Microsoft Visual Studio Solution File, Format Version 12.00
# Visual Studio Version 16
VisualStudioVersion = 16.0.30104.148
MinimumVisualStudioVersion = 10.0.40219.1
Project("{FAE04EC0-301F-11D3-BF4B-00C04F79EFBC}") = "ShoppingList", "ShoppingList\ShoppingList.csproj", "{BBE33DCF-1E6A-431B-8200-D05651BBA789}"
EndProject
Global
	GlobalSection(SolutionConfigurationPlatforms) = preSolution
		Debug|Any CPU = Debug|Any CPU
		Release|Any CPU = Release|Any CPU
	EndGlobalSection
	GlobalSection(ProjectConfigurationPlatforms) = postSolution
		{BBE33DCF-1E6A-431B-8200-D05651BBA789}.Debug|Any CPU.ActiveCfg = Debug|Any CPU
		{BBE33DCF-1E6A-431B-8200-D05651BBA789}.Debug|Any CPU.Build.0 = Debug|Any CPU
		{BBE33DCF-1E6A-431B-8200-D05651BBA789}.Release|Any CPU.ActiveCfg = Release|Any CPU
		{BBE33DCF-1E6A-431B-8200-D05651BBA789}.Release|Any CPU.Build.0 = Release|Any CPU
	EndGlobalSection
	GlobalSection(SolutionProperties) = preSolution
		HideSolutionNode = FALSE
	EndGlobalSection
	GlobalSection(ExtensibilityGlobals) = postSolution
		SolutionGuid = {C78DE0C5-EBA8-4F19-94EA-80069E4CA7CD}
	EndGlobalSection
EndGlobal
